// !$*UTF8*$!
{
	archiveVersion = 1;
	classes = {
	};
	objectVersion = 52;
	objects = {

/* Begin PBXBuildFile section */
		070A429E269CEFDA00EF7820 /* LibraryViewController.swift in Sources */ = {isa = PBXBuildFile; fileRef = 070A429D269CEFDA00EF7820 /* LibraryViewController.swift */; };
		070A42A0269CEFE200EF7820 /* LibraryViewController.storyboard in Resources */ = {isa = PBXBuildFile; fileRef = 070A429F269CEFE200EF7820 /* LibraryViewController.storyboard */; };
		07F25702269C2C4F00604ACA /* AppDelegate.swift in Sources */ = {isa = PBXBuildFile; fileRef = 07F25701269C2C4F00604ACA /* AppDelegate.swift */; };
		07F25704269C2C4F00604ACA /* SceneDelegate.swift in Sources */ = {isa = PBXBuildFile; fileRef = 07F25703269C2C4F00604ACA /* SceneDelegate.swift */; };
		07F2570B269C2C5200604ACA /* Assets.xcassets in Resources */ = {isa = PBXBuildFile; fileRef = 07F2570A269C2C5200604ACA /* Assets.xcassets */; };
		07F2570E269C2C5200604ACA /* LaunchScreen.storyboard in Resources */ = {isa = PBXBuildFile; fileRef = 07F2570C269C2C5200604ACA /* LaunchScreen.storyboard */; };
		07F2571F269C2CFC00604ACA /* CoordinatorDelegate.swift in Sources */ = {isa = PBXBuildFile; fileRef = 07F2571E269C2CFC00604ACA /* CoordinatorDelegate.swift */; };
		07F25721269C2D1600604ACA /* CoordinatorProtocol.swift in Sources */ = {isa = PBXBuildFile; fileRef = 07F25720269C2D1600604ACA /* CoordinatorProtocol.swift */; };
		07F25723269C2D3D00604ACA /* AppCoordinator.swift in Sources */ = {isa = PBXBuildFile; fileRef = 07F25722269C2D3D00604ACA /* AppCoordinator.swift */; };
		07F25725269C2D4F00604ACA /* Storyboarded.swift in Sources */ = {isa = PBXBuildFile; fileRef = 07F25724269C2D4F00604ACA /* Storyboarded.swift */; };
		07F25727269C2D9400604ACA /* UITableView+Extension.swift in Sources */ = {isa = PBXBuildFile; fileRef = 07F25726269C2D9400604ACA /* UITableView+Extension.swift */; };
		07F25729269C2DA600604ACA /* UITableViewCell+Extension.swift in Sources */ = {isa = PBXBuildFile; fileRef = 07F25728269C2DA600604ACA /* UITableViewCell+Extension.swift */; };
		07F2572B269C2DB800604ACA /* UICollectionView+Extension.swift in Sources */ = {isa = PBXBuildFile; fileRef = 07F2572A269C2DB800604ACA /* UICollectionView+Extension.swift */; };
		07F2572D269C2DCD00604ACA /* UICollectionViewCell+Extension.swift in Sources */ = {isa = PBXBuildFile; fileRef = 07F2572C269C2DCD00604ACA /* UICollectionViewCell+Extension.swift */; };
		07F2572F269C2DE200604ACA /* NetworkManager.swift in Sources */ = {isa = PBXBuildFile; fileRef = 07F2572E269C2DE200604ACA /* NetworkManager.swift */; };
		07F25731269C2F3900604ACA /* TabBarController.swift in Sources */ = {isa = PBXBuildFile; fileRef = 07F25730269C2F3900604ACA /* TabBarController.swift */; };
		07F25734269C350D00604ACA /* TabBarController.storyboard in Resources */ = {isa = PBXBuildFile; fileRef = 07F25733269C350D00604ACA /* TabBarController.storyboard */; };
		07F2573B269C368800604ACA /* HomeViewController.swift in Sources */ = {isa = PBXBuildFile; fileRef = 07F2573A269C368800604ACA /* HomeViewController.swift */; };
		07F2573D269C368F00604ACA /* HomeViewController.storyboard in Resources */ = {isa = PBXBuildFile; fileRef = 07F2573C269C368F00604ACA /* HomeViewController.storyboard */; };
		07F2573F269C36CD00604ACA /* FeedViewController.swift in Sources */ = {isa = PBXBuildFile; fileRef = 07F2573E269C36CD00604ACA /* FeedViewController.swift */; };
		07F25741269C36D400604ACA /* FeedViewController.storyboard in Resources */ = {isa = PBXBuildFile; fileRef = 07F25740269C36D400604ACA /* FeedViewController.storyboard */; };
		07F25743269C372900604ACA /* SearchViewController.swift in Sources */ = {isa = PBXBuildFile; fileRef = 07F25742269C372900604ACA /* SearchViewController.swift */; };
		07F25745269C373000604ACA /* SearchViewController.storyboard in Resources */ = {isa = PBXBuildFile; fileRef = 07F25744269C373000604ACA /* SearchViewController.storyboard */; };
		07F2574B269C377600604ACA /* ProfileViewController.swift in Sources */ = {isa = PBXBuildFile; fileRef = 07F2574A269C377600604ACA /* ProfileViewController.swift */; };
		07F2574D269C378100604ACA /* ProfileViewController.storyboard in Resources */ = {isa = PBXBuildFile; fileRef = 07F2574C269C378100604ACA /* ProfileViewController.storyboard */; };
		07F25751269C392D00604ACA /* HomeDataSource.swift in Sources */ = {isa = PBXBuildFile; fileRef = 07F25750269C392D00604ACA /* HomeDataSource.swift */; };
		07F2575F269C3ADC00604ACA /* BaseViewController.swift in Sources */ = {isa = PBXBuildFile; fileRef = 07F2575E269C3ADC00604ACA /* BaseViewController.swift */; };
		07F25761269C3C3F00604ACA /* HomeViewModel.swift in Sources */ = {isa = PBXBuildFile; fileRef = 07F25760269C3C3F00604ACA /* HomeViewModel.swift */; };
		07F2576A269C413100604ACA /* MainCell.swift in Sources */ = {isa = PBXBuildFile; fileRef = 07F25768269C413100604ACA /* MainCell.swift */; };
		07F2576B269C413100604ACA /* MainCell.xib in Resources */ = {isa = PBXBuildFile; fileRef = 07F25769269C413100604ACA /* MainCell.xib */; };
		07F2576E269C414000604ACA /* StoryCell.swift in Sources */ = {isa = PBXBuildFile; fileRef = 07F2576C269C414000604ACA /* StoryCell.swift */; };
		07F2576F269C414000604ACA /* StoryCell.xib in Resources */ = {isa = PBXBuildFile; fileRef = 07F2576D269C414000604ACA /* StoryCell.xib */; };
		07F25772269C415600604ACA /* BestsellingCell.swift in Sources */ = {isa = PBXBuildFile; fileRef = 07F25770269C415600604ACA /* BestsellingCell.swift */; };
		07F25773269C415600604ACA /* BestsellingCell.xib in Resources */ = {isa = PBXBuildFile; fileRef = 07F25771269C415600604ACA /* BestsellingCell.xib */; };
		07F25776269C416800604ACA /* SeriesCell.swift in Sources */ = {isa = PBXBuildFile; fileRef = 07F25774269C416800604ACA /* SeriesCell.swift */; };
		07F25777269C416800604ACA /* SeriesCell.xib in Resources */ = {isa = PBXBuildFile; fileRef = 07F25775269C416800604ACA /* SeriesCell.xib */; };
		07F2577A269C417400604ACA /* FriendReadingCell.swift in Sources */ = {isa = PBXBuildFile; fileRef = 07F25778269C417400604ACA /* FriendReadingCell.swift */; };
		07F2577B269C417400604ACA /* FriendReadingCell.xib in Resources */ = {isa = PBXBuildFile; fileRef = 07F25779269C417400604ACA /* FriendReadingCell.xib */; };
		07F2577E269C417F00604ACA /* AudioBooksCell.swift in Sources */ = {isa = PBXBuildFile; fileRef = 07F2577C269C417F00604ACA /* AudioBooksCell.swift */; };
		07F2577F269C417F00604ACA /* AudioBooksCell.xib in Resources */ = {isa = PBXBuildFile; fileRef = 07F2577D269C417F00604ACA /* AudioBooksCell.xib */; };
		07F25785269C41B600604ACA /* MainItemCell.swift in Sources */ = {isa = PBXBuildFile; fileRef = 07F25783269C41B600604ACA /* MainItemCell.swift */; };
		07F25786269C41B600604ACA /* MainItemCell.xib in Resources */ = {isa = PBXBuildFile; fileRef = 07F25784269C41B600604ACA /* MainItemCell.xib */; };
		07F25790269C493F00604ACA /* ComingSoonCell.swift in Sources */ = {isa = PBXBuildFile; fileRef = 07F2578E269C493F00604ACA /* ComingSoonCell.swift */; };
		07F25791269C493F00604ACA /* ComingSoonCell.xib in Resources */ = {isa = PBXBuildFile; fileRef = 07F2578F269C493F00604ACA /* ComingSoonCell.xib */; };
		07F25794269C495200604ACA /* NewReleasesCell.swift in Sources */ = {isa = PBXBuildFile; fileRef = 07F25792269C495200604ACA /* NewReleasesCell.swift */; };
		07F25795269C495200604ACA /* NewReleasesCell.xib in Resources */ = {isa = PBXBuildFile; fileRef = 07F25793269C495200604ACA /* NewReleasesCell.xib */; };
		07F25798269C495E00604ACA /* AlsoLikeCell.swift in Sources */ = {isa = PBXBuildFile; fileRef = 07F25796269C495E00604ACA /* AlsoLikeCell.swift */; };
		07F25799269C495E00604ACA /* AlsoLikeCell.xib in Resources */ = {isa = PBXBuildFile; fileRef = 07F25797269C495E00604ACA /* AlsoLikeCell.xib */; };
		07F2579F269C498800604ACA /* ComingSoonItemCell.swift in Sources */ = {isa = PBXBuildFile; fileRef = 07F2579D269C498800604ACA /* ComingSoonItemCell.swift */; };
		07F257A0269C498800604ACA /* ComingSoonItemCell.xib in Resources */ = {isa = PBXBuildFile; fileRef = 07F2579E269C498800604ACA /* ComingSoonItemCell.xib */; };
		07F257A6269C49B100604ACA /* NewReleasesItemCell.swift in Sources */ = {isa = PBXBuildFile; fileRef = 07F257A4269C49B100604ACA /* NewReleasesItemCell.swift */; };
		07F257A7269C49B100604ACA /* NewReleasesItemCell.xib in Resources */ = {isa = PBXBuildFile; fileRef = 07F257A5269C49B100604ACA /* NewReleasesItemCell.xib */; };
		07F257AD269C4AAA00604ACA /* AlsoLikeItemCell.swift in Sources */ = {isa = PBXBuildFile; fileRef = 07F257AB269C4AAA00604ACA /* AlsoLikeItemCell.swift */; };
		07F257AE269C4AAA00604ACA /* AlsoLikeItemCell.xib in Resources */ = {isa = PBXBuildFile; fileRef = 07F257AC269C4AAA00604ACA /* AlsoLikeItemCell.xib */; };
		07F257B4269C4AD200604ACA /* AudioBooksItemCell.swift in Sources */ = {isa = PBXBuildFile; fileRef = 07F257B2269C4AD200604ACA /* AudioBooksItemCell.swift */; };
		07F257B5269C4AD200604ACA /* AudioBooksItemCell.xib in Resources */ = {isa = PBXBuildFile; fileRef = 07F257B3269C4AD200604ACA /* AudioBooksItemCell.xib */; };
		07F257BB269C4AF800604ACA /* FriendReadingItemCell.swift in Sources */ = {isa = PBXBuildFile; fileRef = 07F257B9269C4AF800604ACA /* FriendReadingItemCell.swift */; };
		07F257BC269C4AF800604ACA /* FriendReadingItemCell.xib in Resources */ = {isa = PBXBuildFile; fileRef = 07F257BA269C4AF800604ACA /* FriendReadingItemCell.xib */; };
		07F257C2269C4B1700604ACA /* SeriesItemCell.swift in Sources */ = {isa = PBXBuildFile; fileRef = 07F257C0269C4B1700604ACA /* SeriesItemCell.swift */; };
		07F257C3269C4B1700604ACA /* SeriesItemCell.xib in Resources */ = {isa = PBXBuildFile; fileRef = 07F257C1269C4B1700604ACA /* SeriesItemCell.xib */; };
		07F257C9269C4B4200604ACA /* BestsellingItemCell.swift in Sources */ = {isa = PBXBuildFile; fileRef = 07F257C7269C4B4200604ACA /* BestsellingItemCell.swift */; };
		07F257CA269C4B4200604ACA /* BestsellingItemCell.xib in Resources */ = {isa = PBXBuildFile; fileRef = 07F257C8269C4B4200604ACA /* BestsellingItemCell.xib */; };
		07F257D0269C4B6400604ACA /* StoryItemCell.swift in Sources */ = {isa = PBXBuildFile; fileRef = 07F257CE269C4B6400604ACA /* StoryItemCell.swift */; };
		07F257D1269C4B6400604ACA /* StoryItemCell.xib in Resources */ = {isa = PBXBuildFile; fileRef = 07F257CF269C4B6400604ACA /* StoryItemCell.xib */; };
		07F257D4269C4D8000604ACA /* BookManager.swift in Sources */ = {isa = PBXBuildFile; fileRef = 07F257D3269C4D8000604ACA /* BookManager.swift */; };
		07F257D7269C4F7A00604ACA /* HomeDetailViewController.swift in Sources */ = {isa = PBXBuildFile; fileRef = 07F257D6269C4F7A00604ACA /* HomeDetailViewController.swift */; };
		07F257D9269C4F8000604ACA /* HomeDetailViewController.storyboard in Resources */ = {isa = PBXBuildFile; fileRef = 07F257D8269C4F8000604ACA /* HomeDetailViewController.storyboard */; };
		07F257DD269C5EB000604ACA /* BookModel.swift in Sources */ = {isa = PBXBuildFile; fileRef = 07F257DC269C5EB000604ACA /* BookModel.swift */; };
		07F257E0269C5F5200604ACA /* Kingfisher in Frameworks */ = {isa = PBXBuildFile; productRef = 07F257DF269C5F5200604ACA /* Kingfisher */; };
		07F257E2269C833B00604ACA /* Color+Extesnion.swift in Sources */ = {isa = PBXBuildFile; fileRef = 07F257E1269C833B00604ACA /* Color+Extesnion.swift */; };
		07F257E5269C85A700604ACA /* CellDataSource.swift in Sources */ = {isa = PBXBuildFile; fileRef = 07F257E4269C85A700604ACA /* CellDataSource.swift */; };
		07F257E7269C862600604ACA /* CellViewModel.swift in Sources */ = {isa = PBXBuildFile; fileRef = 07F257E6269C862600604ACA /* CellViewModel.swift */; };
		07F257E9269CBBA700604ACA /* FeedsTableViewDataSource.swift in Sources */ = {isa = PBXBuildFile; fileRef = 07F257E8269CBBA700604ACA /* FeedsTableViewDataSource.swift */; };
		07F257ED269CBD3400604ACA /* FeedPersonCell.swift in Sources */ = {isa = PBXBuildFile; fileRef = 07F257EB269CBD3400604ACA /* FeedPersonCell.swift */; };
		07F257EE269CBD3400604ACA /* FeedPersonCell.xib in Resources */ = {isa = PBXBuildFile; fileRef = 07F257EC269CBD3400604ACA /* FeedPersonCell.xib */; };
		07F257F2269CBE3700604ACA /* FeedCell.swift in Sources */ = {isa = PBXBuildFile; fileRef = 07F257F0269CBE3700604ACA /* FeedCell.swift */; };
		07F257F3269CBE3700604ACA /* FeedCell.xib in Resources */ = {isa = PBXBuildFile; fileRef = 07F257F1269CBE3700604ACA /* FeedCell.xib */; };
		07F257F5269CBF6900604ACA /* FeedsCollectionViewDataSource.swift in Sources */ = {isa = PBXBuildFile; fileRef = 07F257F4269CBF6900604ACA /* FeedsCollectionViewDataSource.swift */; };
		07F257F7269CC0BB00604ACA /* FeedViewModel.swift in Sources */ = {isa = PBXBuildFile; fileRef = 07F257F6269CC0BB00604ACA /* FeedViewModel.swift */; };
/* End PBXBuildFile section */

/* Begin PBXFileReference section */
		070A429D269CEFDA00EF7820 /* LibraryViewController.swift */ = {isa = PBXFileReference; lastKnownFileType = sourcecode.swift; name = LibraryViewController.swift; path = ../../../../../../../../Documents/LibraryViewController.swift; sourceTree = "<group>"; };
		070A429F269CEFE200EF7820 /* LibraryViewController.storyboard */ = {isa = PBXFileReference; lastKnownFileType = file.storyboard; name = LibraryViewController.storyboard; path = ../../../../../../../../Documents/LibraryViewController.storyboard; sourceTree = "<group>"; };
		07F256FE269C2C4F00604ACA /* SimpleBookApp.app */ = {isa = PBXFileReference; explicitFileType = wrapper.application; includeInIndex = 0; path = SimpleBookApp.app; sourceTree = BUILT_PRODUCTS_DIR; };
		07F25701269C2C4F00604ACA /* AppDelegate.swift */ = {isa = PBXFileReference; lastKnownFileType = sourcecode.swift; path = AppDelegate.swift; sourceTree = "<group>"; };
		07F25703269C2C4F00604ACA /* SceneDelegate.swift */ = {isa = PBXFileReference; lastKnownFileType = sourcecode.swift; path = SceneDelegate.swift; sourceTree = "<group>"; };
		07F2570A269C2C5200604ACA /* Assets.xcassets */ = {isa = PBXFileReference; lastKnownFileType = folder.assetcatalog; path = Assets.xcassets; sourceTree = "<group>"; };
		07F2570D269C2C5200604ACA /* Base */ = {isa = PBXFileReference; lastKnownFileType = file.storyboard; name = Base; path = Base.lproj/LaunchScreen.storyboard; sourceTree = "<group>"; };
		07F2570F269C2C5200604ACA /* Info.plist */ = {isa = PBXFileReference; lastKnownFileType = text.plist.xml; path = Info.plist; sourceTree = "<group>"; };
		07F2571E269C2CFC00604ACA /* CoordinatorDelegate.swift */ = {isa = PBXFileReference; lastKnownFileType = sourcecode.swift; path = CoordinatorDelegate.swift; sourceTree = "<group>"; };
		07F25720269C2D1600604ACA /* CoordinatorProtocol.swift */ = {isa = PBXFileReference; lastKnownFileType = sourcecode.swift; path = CoordinatorProtocol.swift; sourceTree = "<group>"; };
		07F25722269C2D3D00604ACA /* AppCoordinator.swift */ = {isa = PBXFileReference; lastKnownFileType = sourcecode.swift; path = AppCoordinator.swift; sourceTree = "<group>"; };
		07F25724269C2D4F00604ACA /* Storyboarded.swift */ = {isa = PBXFileReference; lastKnownFileType = sourcecode.swift; path = Storyboarded.swift; sourceTree = "<group>"; };
		07F25726269C2D9400604ACA /* UITableView+Extension.swift */ = {isa = PBXFileReference; lastKnownFileType = sourcecode.swift; path = "UITableView+Extension.swift"; sourceTree = "<group>"; };
		07F25728269C2DA600604ACA /* UITableViewCell+Extension.swift */ = {isa = PBXFileReference; lastKnownFileType = sourcecode.swift; path = "UITableViewCell+Extension.swift"; sourceTree = "<group>"; };
		07F2572A269C2DB800604ACA /* UICollectionView+Extension.swift */ = {isa = PBXFileReference; lastKnownFileType = sourcecode.swift; path = "UICollectionView+Extension.swift"; sourceTree = "<group>"; };
		07F2572C269C2DCD00604ACA /* UICollectionViewCell+Extension.swift */ = {isa = PBXFileReference; lastKnownFileType = sourcecode.swift; path = "UICollectionViewCell+Extension.swift"; sourceTree = "<group>"; };
		07F2572E269C2DE200604ACA /* NetworkManager.swift */ = {isa = PBXFileReference; lastKnownFileType = sourcecode.swift; path = NetworkManager.swift; sourceTree = "<group>"; };
		07F25730269C2F3900604ACA /* TabBarController.swift */ = {isa = PBXFileReference; lastKnownFileType = sourcecode.swift; path = TabBarController.swift; sourceTree = "<group>"; };
		07F25733269C350D00604ACA /* TabBarController.storyboard */ = {isa = PBXFileReference; lastKnownFileType = file.storyboard; path = TabBarController.storyboard; sourceTree = "<group>"; };
		07F2573A269C368800604ACA /* HomeViewController.swift */ = {isa = PBXFileReference; lastKnownFileType = sourcecode.swift; path = HomeViewController.swift; sourceTree = "<group>"; };
		07F2573C269C368F00604ACA /* HomeViewController.storyboard */ = {isa = PBXFileReference; lastKnownFileType = file.storyboard; path = HomeViewController.storyboard; sourceTree = "<group>"; };
		07F2573E269C36CD00604ACA /* FeedViewController.swift */ = {isa = PBXFileReference; lastKnownFileType = sourcecode.swift; path = FeedViewController.swift; sourceTree = "<group>"; };
		07F25740269C36D400604ACA /* FeedViewController.storyboard */ = {isa = PBXFileReference; lastKnownFileType = file.storyboard; path = FeedViewController.storyboard; sourceTree = "<group>"; };
		07F25742269C372900604ACA /* SearchViewController.swift */ = {isa = PBXFileReference; lastKnownFileType = sourcecode.swift; path = SearchViewController.swift; sourceTree = "<group>"; };
		07F25744269C373000604ACA /* SearchViewController.storyboard */ = {isa = PBXFileReference; lastKnownFileType = file.storyboard; path = SearchViewController.storyboard; sourceTree = "<group>"; };
		07F2574A269C377600604ACA /* ProfileViewController.swift */ = {isa = PBXFileReference; lastKnownFileType = sourcecode.swift; path = ProfileViewController.swift; sourceTree = "<group>"; };
		07F2574C269C378100604ACA /* ProfileViewController.storyboard */ = {isa = PBXFileReference; lastKnownFileType = file.storyboard; path = ProfileViewController.storyboard; sourceTree = "<group>"; };
		07F25750269C392D00604ACA /* HomeDataSource.swift */ = {isa = PBXFileReference; lastKnownFileType = sourcecode.swift; path = HomeDataSource.swift; sourceTree = "<group>"; };
		07F2575E269C3ADC00604ACA /* BaseViewController.swift */ = {isa = PBXFileReference; lastKnownFileType = sourcecode.swift; path = BaseViewController.swift; sourceTree = "<group>"; };
		07F25760269C3C3F00604ACA /* HomeViewModel.swift */ = {isa = PBXFileReference; lastKnownFileType = sourcecode.swift; path = HomeViewModel.swift; sourceTree = "<group>"; };
		07F25768269C413100604ACA /* MainCell.swift */ = {isa = PBXFileReference; lastKnownFileType = sourcecode.swift; path = MainCell.swift; sourceTree = "<group>"; };
		07F25769269C413100604ACA /* MainCell.xib */ = {isa = PBXFileReference; lastKnownFileType = file.xib; path = MainCell.xib; sourceTree = "<group>"; };
		07F2576C269C414000604ACA /* StoryCell.swift */ = {isa = PBXFileReference; lastKnownFileType = sourcecode.swift; path = StoryCell.swift; sourceTree = "<group>"; };
		07F2576D269C414000604ACA /* StoryCell.xib */ = {isa = PBXFileReference; lastKnownFileType = file.xib; path = StoryCell.xib; sourceTree = "<group>"; };
		07F25770269C415600604ACA /* BestsellingCell.swift */ = {isa = PBXFileReference; lastKnownFileType = sourcecode.swift; path = BestsellingCell.swift; sourceTree = "<group>"; };
		07F25771269C415600604ACA /* BestsellingCell.xib */ = {isa = PBXFileReference; lastKnownFileType = file.xib; path = BestsellingCell.xib; sourceTree = "<group>"; };
		07F25774269C416800604ACA /* SeriesCell.swift */ = {isa = PBXFileReference; lastKnownFileType = sourcecode.swift; path = SeriesCell.swift; sourceTree = "<group>"; };
		07F25775269C416800604ACA /* SeriesCell.xib */ = {isa = PBXFileReference; lastKnownFileType = file.xib; path = SeriesCell.xib; sourceTree = "<group>"; };
		07F25778269C417400604ACA /* FriendReadingCell.swift */ = {isa = PBXFileReference; lastKnownFileType = sourcecode.swift; path = FriendReadingCell.swift; sourceTree = "<group>"; };
		07F25779269C417400604ACA /* FriendReadingCell.xib */ = {isa = PBXFileReference; lastKnownFileType = file.xib; path = FriendReadingCell.xib; sourceTree = "<group>"; };
		07F2577C269C417F00604ACA /* AudioBooksCell.swift */ = {isa = PBXFileReference; lastKnownFileType = sourcecode.swift; path = AudioBooksCell.swift; sourceTree = "<group>"; };
		07F2577D269C417F00604ACA /* AudioBooksCell.xib */ = {isa = PBXFileReference; lastKnownFileType = file.xib; path = AudioBooksCell.xib; sourceTree = "<group>"; };
		07F25783269C41B600604ACA /* MainItemCell.swift */ = {isa = PBXFileReference; lastKnownFileType = sourcecode.swift; path = MainItemCell.swift; sourceTree = "<group>"; };
		07F25784269C41B600604ACA /* MainItemCell.xib */ = {isa = PBXFileReference; lastKnownFileType = file.xib; path = MainItemCell.xib; sourceTree = "<group>"; };
		07F2578E269C493F00604ACA /* ComingSoonCell.swift */ = {isa = PBXFileReference; lastKnownFileType = sourcecode.swift; path = ComingSoonCell.swift; sourceTree = "<group>"; };
		07F2578F269C493F00604ACA /* ComingSoonCell.xib */ = {isa = PBXFileReference; lastKnownFileType = file.xib; path = ComingSoonCell.xib; sourceTree = "<group>"; };
		07F25792269C495200604ACA /* NewReleasesCell.swift */ = {isa = PBXFileReference; lastKnownFileType = sourcecode.swift; path = NewReleasesCell.swift; sourceTree = "<group>"; };
		07F25793269C495200604ACA /* NewReleasesCell.xib */ = {isa = PBXFileReference; lastKnownFileType = file.xib; path = NewReleasesCell.xib; sourceTree = "<group>"; };
		07F25796269C495E00604ACA /* AlsoLikeCell.swift */ = {isa = PBXFileReference; lastKnownFileType = sourcecode.swift; path = AlsoLikeCell.swift; sourceTree = "<group>"; };
		07F25797269C495E00604ACA /* AlsoLikeCell.xib */ = {isa = PBXFileReference; lastKnownFileType = file.xib; path = AlsoLikeCell.xib; sourceTree = "<group>"; };
		07F2579D269C498800604ACA /* ComingSoonItemCell.swift */ = {isa = PBXFileReference; lastKnownFileType = sourcecode.swift; path = ComingSoonItemCell.swift; sourceTree = "<group>"; };
		07F2579E269C498800604ACA /* ComingSoonItemCell.xib */ = {isa = PBXFileReference; lastKnownFileType = file.xib; path = ComingSoonItemCell.xib; sourceTree = "<group>"; };
		07F257A4269C49B100604ACA /* NewReleasesItemCell.swift */ = {isa = PBXFileReference; lastKnownFileType = sourcecode.swift; path = NewReleasesItemCell.swift; sourceTree = "<group>"; };
		07F257A5269C49B100604ACA /* NewReleasesItemCell.xib */ = {isa = PBXFileReference; lastKnownFileType = file.xib; path = NewReleasesItemCell.xib; sourceTree = "<group>"; };
		07F257AB269C4AAA00604ACA /* AlsoLikeItemCell.swift */ = {isa = PBXFileReference; lastKnownFileType = sourcecode.swift; path = AlsoLikeItemCell.swift; sourceTree = "<group>"; };
		07F257AC269C4AAA00604ACA /* AlsoLikeItemCell.xib */ = {isa = PBXFileReference; lastKnownFileType = file.xib; path = AlsoLikeItemCell.xib; sourceTree = "<group>"; };
		07F257B2269C4AD200604ACA /* AudioBooksItemCell.swift */ = {isa = PBXFileReference; lastKnownFileType = sourcecode.swift; path = AudioBooksItemCell.swift; sourceTree = "<group>"; };
		07F257B3269C4AD200604ACA /* AudioBooksItemCell.xib */ = {isa = PBXFileReference; lastKnownFileType = file.xib; path = AudioBooksItemCell.xib; sourceTree = "<group>"; };
		07F257B9269C4AF800604ACA /* FriendReadingItemCell.swift */ = {isa = PBXFileReference; lastKnownFileType = sourcecode.swift; path = FriendReadingItemCell.swift; sourceTree = "<group>"; };
		07F257BA269C4AF800604ACA /* FriendReadingItemCell.xib */ = {isa = PBXFileReference; lastKnownFileType = file.xib; path = FriendReadingItemCell.xib; sourceTree = "<group>"; };
		07F257C0269C4B1700604ACA /* SeriesItemCell.swift */ = {isa = PBXFileReference; lastKnownFileType = sourcecode.swift; path = SeriesItemCell.swift; sourceTree = "<group>"; };
		07F257C1269C4B1700604ACA /* SeriesItemCell.xib */ = {isa = PBXFileReference; lastKnownFileType = file.xib; path = SeriesItemCell.xib; sourceTree = "<group>"; };
		07F257C7269C4B4200604ACA /* BestsellingItemCell.swift */ = {isa = PBXFileReference; lastKnownFileType = sourcecode.swift; path = BestsellingItemCell.swift; sourceTree = "<group>"; };
		07F257C8269C4B4200604ACA /* BestsellingItemCell.xib */ = {isa = PBXFileReference; lastKnownFileType = file.xib; path = BestsellingItemCell.xib; sourceTree = "<group>"; };
		07F257CE269C4B6400604ACA /* StoryItemCell.swift */ = {isa = PBXFileReference; lastKnownFileType = sourcecode.swift; path = StoryItemCell.swift; sourceTree = "<group>"; };
		07F257CF269C4B6400604ACA /* StoryItemCell.xib */ = {isa = PBXFileReference; lastKnownFileType = file.xib; path = StoryItemCell.xib; sourceTree = "<group>"; };
		07F257D3269C4D8000604ACA /* BookManager.swift */ = {isa = PBXFileReference; lastKnownFileType = sourcecode.swift; path = BookManager.swift; sourceTree = "<group>"; };
		07F257D6269C4F7A00604ACA /* HomeDetailViewController.swift */ = {isa = PBXFileReference; lastKnownFileType = sourcecode.swift; path = HomeDetailViewController.swift; sourceTree = "<group>"; };
		07F257D8269C4F8000604ACA /* HomeDetailViewController.storyboard */ = {isa = PBXFileReference; lastKnownFileType = file.storyboard; path = HomeDetailViewController.storyboard; sourceTree = "<group>"; };
		07F257DC269C5EB000604ACA /* BookModel.swift */ = {isa = PBXFileReference; lastKnownFileType = sourcecode.swift; path = BookModel.swift; sourceTree = "<group>"; };
		07F257E1269C833B00604ACA /* Color+Extesnion.swift */ = {isa = PBXFileReference; lastKnownFileType = sourcecode.swift; path = "Color+Extesnion.swift"; sourceTree = "<group>"; };
		07F257E4269C85A700604ACA /* CellDataSource.swift */ = {isa = PBXFileReference; lastKnownFileType = sourcecode.swift; path = CellDataSource.swift; sourceTree = "<group>"; };
		07F257E6269C862600604ACA /* CellViewModel.swift */ = {isa = PBXFileReference; lastKnownFileType = sourcecode.swift; path = CellViewModel.swift; sourceTree = "<group>"; };
		07F257E8269CBBA700604ACA /* FeedsTableViewDataSource.swift */ = {isa = PBXFileReference; lastKnownFileType = sourcecode.swift; path = FeedsTableViewDataSource.swift; sourceTree = "<group>"; };
		07F257EB269CBD3400604ACA /* FeedPersonCell.swift */ = {isa = PBXFileReference; lastKnownFileType = sourcecode.swift; path = FeedPersonCell.swift; sourceTree = "<group>"; };
		07F257EC269CBD3400604ACA /* FeedPersonCell.xib */ = {isa = PBXFileReference; lastKnownFileType = file.xib; path = FeedPersonCell.xib; sourceTree = "<group>"; };
		07F257F0269CBE3700604ACA /* FeedCell.swift */ = {isa = PBXFileReference; lastKnownFileType = sourcecode.swift; path = FeedCell.swift; sourceTree = "<group>"; };
		07F257F1269CBE3700604ACA /* FeedCell.xib */ = {isa = PBXFileReference; lastKnownFileType = file.xib; path = FeedCell.xib; sourceTree = "<group>"; };
		07F257F4269CBF6900604ACA /* FeedsCollectionViewDataSource.swift */ = {isa = PBXFileReference; lastKnownFileType = sourcecode.swift; path = FeedsCollectionViewDataSource.swift; sourceTree = "<group>"; };
		07F257F6269CC0BB00604ACA /* FeedViewModel.swift */ = {isa = PBXFileReference; lastKnownFileType = sourcecode.swift; path = FeedViewModel.swift; sourceTree = "<group>"; };
/* End PBXFileReference section */

/* Begin PBXFrameworksBuildPhase section */
		07F256FB269C2C4E00604ACA /* Frameworks */ = {
			isa = PBXFrameworksBuildPhase;
			buildActionMask = 2147483647;
			files = (
				07F257E0269C5F5200604ACA /* Kingfisher in Frameworks */,
			);
			runOnlyForDeploymentPostprocessing = 0;
		};
/* End PBXFrameworksBuildPhase section */

/* Begin PBXGroup section */
		070A429B269CEF9600EF7820 /* LibraryScene */ = {
			isa = PBXGroup;
			children = (
				070A429C269CEFC700EF7820 /* View */,
			);
			path = LibraryScene;
			sourceTree = "<group>";
		};
		070A429C269CEFC700EF7820 /* View */ = {
			isa = PBXGroup;
			children = (
				070A429D269CEFDA00EF7820 /* LibraryViewController.swift */,
				070A429F269CEFE200EF7820 /* LibraryViewController.storyboard */,
			);
			path = View;
			sourceTree = "<group>";
		};
		07F256F5269C2C4E00604ACA = {
			isa = PBXGroup;
			children = (
				07F25700269C2C4F00604ACA /* SimpleBookApp */,
				07F256FF269C2C4F00604ACA /* Products */,
			);
			sourceTree = "<group>";
		};
		07F256FF269C2C4F00604ACA /* Products */ = {
			isa = PBXGroup;
			children = (
				07F256FE269C2C4F00604ACA /* SimpleBookApp.app */,
			);
			name = Products;
			sourceTree = "<group>";
		};
		07F25700269C2C4F00604ACA /* SimpleBookApp */ = {
			isa = PBXGroup;
			children = (
				07F25715269C2C6100604ACA /* App */,
				07F25716269C2C7200604ACA /* Resources */,
				07F25717269C2C7A00604ACA /* Infrastructure */,
				07F2571C269C2C9F00604ACA /* Presentation */,
				07F2570C269C2C5200604ACA /* LaunchScreen.storyboard */,
				07F2570F269C2C5200604ACA /* Info.plist */,
			);
			path = SimpleBookApp;
			sourceTree = "<group>";
		};
		07F25715269C2C6100604ACA /* App */ = {
			isa = PBXGroup;
			children = (
				07F25701269C2C4F00604ACA /* AppDelegate.swift */,
				07F25703269C2C4F00604ACA /* SceneDelegate.swift */,
			);
			path = App;
			sourceTree = "<group>";
		};
		07F25716269C2C7200604ACA /* Resources */ = {
			isa = PBXGroup;
			children = (
				07F2570A269C2C5200604ACA /* Assets.xcassets */,
			);
			path = Resources;
			sourceTree = "<group>";
		};
		07F25717269C2C7A00604ACA /* Infrastructure */ = {
			isa = PBXGroup;
			children = (
				07F257DA269C5E9F00604ACA /* Domain */,
				07F25718269C2C8100604ACA /* Coordinator */,
				07F25719269C2C8800604ACA /* Manager */,
				07F2571A269C2C8D00604ACA /* Extensions */,
			);
			path = Infrastructure;
			sourceTree = "<group>";
		};
		07F25718269C2C8100604ACA /* Coordinator */ = {
			isa = PBXGroup;
			children = (
				07F2571E269C2CFC00604ACA /* CoordinatorDelegate.swift */,
				07F25720269C2D1600604ACA /* CoordinatorProtocol.swift */,
				07F25722269C2D3D00604ACA /* AppCoordinator.swift */,
				07F25724269C2D4F00604ACA /* Storyboarded.swift */,
			);
			path = Coordinator;
			sourceTree = "<group>";
		};
		07F25719269C2C8800604ACA /* Manager */ = {
			isa = PBXGroup;
			children = (
				07F2572E269C2DE200604ACA /* NetworkManager.swift */,
				07F257D3269C4D8000604ACA /* BookManager.swift */,
			);
			path = Manager;
			sourceTree = "<group>";
		};
		07F2571A269C2C8D00604ACA /* Extensions */ = {
			isa = PBXGroup;
			children = (
				07F25726269C2D9400604ACA /* UITableView+Extension.swift */,
				07F25728269C2DA600604ACA /* UITableViewCell+Extension.swift */,
				07F2572A269C2DB800604ACA /* UICollectionView+Extension.swift */,
				07F2572C269C2DCD00604ACA /* UICollectionViewCell+Extension.swift */,
				07F257E1269C833B00604ACA /* Color+Extesnion.swift */,
			);
			path = Extensions;
			sourceTree = "<group>";
		};
		07F2571C269C2C9F00604ACA /* Presentation */ = {
			isa = PBXGroup;
			children = (
				07F2571D269C2CA400604ACA /* Scenes */,
			);
			path = Presentation;
			sourceTree = "<group>";
		};
		07F2571D269C2CA400604ACA /* Scenes */ = {
			isa = PBXGroup;
			children = (
				070A429B269CEF9600EF7820 /* LibraryScene */,
				07F257D5269C4F5A00604ACA /* HomeDetailScene */,
				07F2575D269C3AC600604ACA /* Base */,
				07F25739269C361700604ACA /* ProfileScene */,
				07F25737269C360300604ACA /* SearchScene */,
				07F25736269C35FE00604ACA /* FeedScene */,
				07F25735269C35DF00604ACA /* HomeScene */,
				07F25732269C34FF00604ACA /* TabBarController */,
			);
			path = Scenes;
			sourceTree = "<group>";
		};
		07F25732269C34FF00604ACA /* TabBarController */ = {
			isa = PBXGroup;
			children = (
				07F25730269C2F3900604ACA /* TabBarController.swift */,
				07F25733269C350D00604ACA /* TabBarController.storyboard */,
			);
			path = TabBarController;
			sourceTree = "<group>";
		};
		07F25735269C35DF00604ACA /* HomeScene */ = {
			isa = PBXGroup;
			children = (
				07F2578D269C492D00604ACA /* ComingSoonCell */,
				07F2578C269C492100604ACA /* NewReleasesCell */,
				07F2578B269C491700604ACA /* AlsoLikeCell */,
				07F25767269C408900604ACA /* AudioBooksCell */,
				07F25766269C407B00604ACA /* FriendReadingCell */,
				07F25765269C406D00604ACA /* SeriesCell */,
				07F25764269C405D00604ACA /* BestsellingCell */,
				07F25763269C405500604ACA /* StoryCell */,
				07F25762269C404C00604ACA /* MainCell */,
				07F2574E269C390E00604ACA /* View */,
				07F2574F269C391400604ACA /* ViewModel */,
			);
			path = HomeScene;
			sourceTree = "<group>";
		};
		07F25736269C35FE00604ACA /* FeedScene */ = {
			isa = PBXGroup;
			children = (
				07F257EA269CBD1E00604ACA /* FeedPersonCell */,
				07F257EF269CBE2800604ACA /* FeedCell */,
				07F25756269C39F200604ACA /* ViewModel */,
				07F25755269C39EA00604ACA /* View */,
			);
			path = FeedScene;
			sourceTree = "<group>";
		};
		07F25737269C360300604ACA /* SearchScene */ = {
			isa = PBXGroup;
			children = (
				07F25742269C372900604ACA /* SearchViewController.swift */,
				07F25744269C373000604ACA /* SearchViewController.storyboard */,
			);
			path = SearchScene;
			sourceTree = "<group>";
		};
		07F25739269C361700604ACA /* ProfileScene */ = {
			isa = PBXGroup;
			children = (
				07F2574A269C377600604ACA /* ProfileViewController.swift */,
				07F2574C269C378100604ACA /* ProfileViewController.storyboard */,
			);
			path = ProfileScene;
			sourceTree = "<group>";
		};
		07F2574E269C390E00604ACA /* View */ = {
			isa = PBXGroup;
			children = (
				07F2573A269C368800604ACA /* HomeViewController.swift */,
				07F2573C269C368F00604ACA /* HomeViewController.storyboard */,
			);
			path = View;
			sourceTree = "<group>";
		};
		07F2574F269C391400604ACA /* ViewModel */ = {
			isa = PBXGroup;
			children = (
				07F25750269C392D00604ACA /* HomeDataSource.swift */,
				07F25760269C3C3F00604ACA /* HomeViewModel.swift */,
				07F257E4269C85A700604ACA /* CellDataSource.swift */,
				07F257E6269C862600604ACA /* CellViewModel.swift */,
			);
			path = ViewModel;
			sourceTree = "<group>";
		};
		07F25755269C39EA00604ACA /* View */ = {
			isa = PBXGroup;
			children = (
				07F2573E269C36CD00604ACA /* FeedViewController.swift */,
				07F25740269C36D400604ACA /* FeedViewController.storyboard */,
			);
			path = View;
			sourceTree = "<group>";
		};
		07F25756269C39F200604ACA /* ViewModel */ = {
			isa = PBXGroup;
			children = (
				07F257E8269CBBA700604ACA /* FeedsTableViewDataSource.swift */,
				07F257F4269CBF6900604ACA /* FeedsCollectionViewDataSource.swift */,
				07F257F6269CC0BB00604ACA /* FeedViewModel.swift */,
			);
			path = ViewModel;
			sourceTree = "<group>";
		};
		07F2575D269C3AC600604ACA /* Base */ = {
			isa = PBXGroup;
			children = (
				07F2575E269C3ADC00604ACA /* BaseViewController.swift */,
			);
			path = Base;
			sourceTree = "<group>";
		};
		07F25762269C404C00604ACA /* MainCell */ = {
			isa = PBXGroup;
			children = (
				07F25782269C41A100604ACA /* MainItemCell */,
				07F25780269C419200604ACA /* View */,
			);
			path = MainCell;
			sourceTree = "<group>";
		};
		07F25763269C405500604ACA /* StoryCell */ = {
			isa = PBXGroup;
			children = (
				07F257CD269C4B5300604ACA /* StoryItemCell */,
				07F257CB269C4B4C00604ACA /* View */,
			);
			path = StoryCell;
			sourceTree = "<group>";
		};
		07F25764269C405D00604ACA /* BestsellingCell */ = {
			isa = PBXGroup;
			children = (
				07F257C6269C4B3200604ACA /* BestsellingItemCell */,
				07F257C4269C4B2000604ACA /* View */,
			);
			path = BestsellingCell;
			sourceTree = "<group>";
		};
		07F25765269C406D00604ACA /* SeriesCell */ = {
			isa = PBXGroup;
			children = (
				07F257BF269C4B0C00604ACA /* SeriesItemCell */,
				07F257BD269C4B0200604ACA /* View */,
			);
			path = SeriesCell;
			sourceTree = "<group>";
		};
		07F25766269C407B00604ACA /* FriendReadingCell */ = {
			isa = PBXGroup;
			children = (
				07F257B8269C4AEB00604ACA /* FriendReadingItemCell */,
				07F257B6269C4ADD00604ACA /* View */,
			);
			path = FriendReadingCell;
			sourceTree = "<group>";
		};
		07F25767269C408900604ACA /* AudioBooksCell */ = {
			isa = PBXGroup;
			children = (
				07F257B1269C4AC000604ACA /* AudioBooksItemCell */,
				07F257AF269C4AAF00604ACA /* View */,
			);
			path = AudioBooksCell;
			sourceTree = "<group>";
		};
		07F25780269C419200604ACA /* View */ = {
			isa = PBXGroup;
			children = (
				07F25768269C413100604ACA /* MainCell.swift */,
				07F25769269C413100604ACA /* MainCell.xib */,
			);
			path = View;
			sourceTree = "<group>";
		};
		07F25782269C41A100604ACA /* MainItemCell */ = {
			isa = PBXGroup;
			children = (
				07F25783269C41B600604ACA /* MainItemCell.swift */,
				07F25784269C41B600604ACA /* MainItemCell.xib */,
			);
			path = MainItemCell;
			sourceTree = "<group>";
		};
		07F2578B269C491700604ACA /* AlsoLikeCell */ = {
			isa = PBXGroup;
			children = (
				07F257AA269C4A7300604ACA /* AlsoLikeItemCell */,
				07F257A8269C4A5C00604ACA /* View */,
			);
			path = AlsoLikeCell;
			sourceTree = "<group>";
		};
		07F2578C269C492100604ACA /* NewReleasesCell */ = {
			isa = PBXGroup;
			children = (
				07F257A3269C49A200604ACA /* NewReleasesItemCell */,
				07F257A1269C499000604ACA /* View */,
			);
			path = NewReleasesCell;
			sourceTree = "<group>";
		};
		07F2578D269C492D00604ACA /* ComingSoonCell */ = {
			isa = PBXGroup;
			children = (
				07F2579C269C497300604ACA /* ComingSoonItemCell */,
				07F2579A269C496600604ACA /* View */,
			);
			path = ComingSoonCell;
			sourceTree = "<group>";
		};
		07F2579A269C496600604ACA /* View */ = {
			isa = PBXGroup;
			children = (
				07F2578E269C493F00604ACA /* ComingSoonCell.swift */,
				07F2578F269C493F00604ACA /* ComingSoonCell.xib */,
			);
			path = View;
			sourceTree = "<group>";
		};
		07F2579C269C497300604ACA /* ComingSoonItemCell */ = {
			isa = PBXGroup;
			children = (
				07F2579D269C498800604ACA /* ComingSoonItemCell.swift */,
				07F2579E269C498800604ACA /* ComingSoonItemCell.xib */,
			);
			path = ComingSoonItemCell;
			sourceTree = "<group>";
		};
		07F257A1269C499000604ACA /* View */ = {
			isa = PBXGroup;
			children = (
				07F25792269C495200604ACA /* NewReleasesCell.swift */,
				07F25793269C495200604ACA /* NewReleasesCell.xib */,
			);
			path = View;
			sourceTree = "<group>";
		};
		07F257A3269C49A200604ACA /* NewReleasesItemCell */ = {
			isa = PBXGroup;
			children = (
				07F257A4269C49B100604ACA /* NewReleasesItemCell.swift */,
				07F257A5269C49B100604ACA /* NewReleasesItemCell.xib */,
			);
			path = NewReleasesItemCell;
			sourceTree = "<group>";
		};
		07F257A8269C4A5C00604ACA /* View */ = {
			isa = PBXGroup;
			children = (
				07F25796269C495E00604ACA /* AlsoLikeCell.swift */,
				07F25797269C495E00604ACA /* AlsoLikeCell.xib */,
			);
			path = View;
			sourceTree = "<group>";
		};
		07F257AA269C4A7300604ACA /* AlsoLikeItemCell */ = {
			isa = PBXGroup;
			children = (
				07F257AB269C4AAA00604ACA /* AlsoLikeItemCell.swift */,
				07F257AC269C4AAA00604ACA /* AlsoLikeItemCell.xib */,
			);
			path = AlsoLikeItemCell;
			sourceTree = "<group>";
		};
		07F257AF269C4AAF00604ACA /* View */ = {
			isa = PBXGroup;
			children = (
				07F2577C269C417F00604ACA /* AudioBooksCell.swift */,
				07F2577D269C417F00604ACA /* AudioBooksCell.xib */,
			);
			path = View;
			sourceTree = "<group>";
		};
		07F257B1269C4AC000604ACA /* AudioBooksItemCell */ = {
			isa = PBXGroup;
			children = (
				07F257B2269C4AD200604ACA /* AudioBooksItemCell.swift */,
				07F257B3269C4AD200604ACA /* AudioBooksItemCell.xib */,
			);
			path = AudioBooksItemCell;
			sourceTree = "<group>";
		};
		07F257B6269C4ADD00604ACA /* View */ = {
			isa = PBXGroup;
			children = (
				07F25778269C417400604ACA /* FriendReadingCell.swift */,
				07F25779269C417400604ACA /* FriendReadingCell.xib */,
			);
			path = View;
			sourceTree = "<group>";
		};
		07F257B8269C4AEB00604ACA /* FriendReadingItemCell */ = {
			isa = PBXGroup;
			children = (
				07F257B9269C4AF800604ACA /* FriendReadingItemCell.swift */,
				07F257BA269C4AF800604ACA /* FriendReadingItemCell.xib */,
			);
			path = FriendReadingItemCell;
			sourceTree = "<group>";
		};
		07F257BD269C4B0200604ACA /* View */ = {
			isa = PBXGroup;
			children = (
				07F25774269C416800604ACA /* SeriesCell.swift */,
				07F25775269C416800604ACA /* SeriesCell.xib */,
			);
			path = View;
			sourceTree = "<group>";
		};
		07F257BF269C4B0C00604ACA /* SeriesItemCell */ = {
			isa = PBXGroup;
			children = (
				07F257C0269C4B1700604ACA /* SeriesItemCell.swift */,
				07F257C1269C4B1700604ACA /* SeriesItemCell.xib */,
			);
			path = SeriesItemCell;
			sourceTree = "<group>";
		};
		07F257C4269C4B2000604ACA /* View */ = {
			isa = PBXGroup;
			children = (
				07F25770269C415600604ACA /* BestsellingCell.swift */,
				07F25771269C415600604ACA /* BestsellingCell.xib */,
			);
			path = View;
			sourceTree = "<group>";
		};
		07F257C6269C4B3200604ACA /* BestsellingItemCell */ = {
			isa = PBXGroup;
			children = (
				07F257C7269C4B4200604ACA /* BestsellingItemCell.swift */,
				07F257C8269C4B4200604ACA /* BestsellingItemCell.xib */,
			);
			path = BestsellingItemCell;
			sourceTree = "<group>";
		};
		07F257CB269C4B4C00604ACA /* View */ = {
			isa = PBXGroup;
			children = (
				07F2576C269C414000604ACA /* StoryCell.swift */,
				07F2576D269C414000604ACA /* StoryCell.xib */,
			);
			path = View;
			sourceTree = "<group>";
		};
		07F257CD269C4B5300604ACA /* StoryItemCell */ = {
			isa = PBXGroup;
			children = (
				07F257CE269C4B6400604ACA /* StoryItemCell.swift */,
				07F257CF269C4B6400604ACA /* StoryItemCell.xib */,
			);
			path = StoryItemCell;
			sourceTree = "<group>";
		};
		07F257D5269C4F5A00604ACA /* HomeDetailScene */ = {
			isa = PBXGroup;
			children = (
				07F257D6269C4F7A00604ACA /* HomeDetailViewController.swift */,
				07F257D8269C4F8000604ACA /* HomeDetailViewController.storyboard */,
			);
			path = HomeDetailScene;
			sourceTree = "<group>";
		};
		07F257DA269C5E9F00604ACA /* Domain */ = {
			isa = PBXGroup;
			children = (
				07F257DB269C5EA500604ACA /* Models */,
			);
			path = Domain;
			sourceTree = "<group>";
		};
		07F257DB269C5EA500604ACA /* Models */ = {
			isa = PBXGroup;
			children = (
				07F257DC269C5EB000604ACA /* BookModel.swift */,
			);
			path = Models;
			sourceTree = "<group>";
		};
		07F257EA269CBD1E00604ACA /* FeedPersonCell */ = {
			isa = PBXGroup;
			children = (
				07F257EB269CBD3400604ACA /* FeedPersonCell.swift */,
				07F257EC269CBD3400604ACA /* FeedPersonCell.xib */,
			);
			path = FeedPersonCell;
			sourceTree = "<group>";
		};
		07F257EF269CBE2800604ACA /* FeedCell */ = {
			isa = PBXGroup;
			children = (
				07F257F0269CBE3700604ACA /* FeedCell.swift */,
				07F257F1269CBE3700604ACA /* FeedCell.xib */,
			);
			path = FeedCell;
			sourceTree = "<group>";
		};
/* End PBXGroup section */

/* Begin PBXNativeTarget section */
		07F256FD269C2C4E00604ACA /* SimpleBookApp */ = {
			isa = PBXNativeTarget;
			buildConfigurationList = 07F25712269C2C5200604ACA /* Build configuration list for PBXNativeTarget "SimpleBookApp" */;
			buildPhases = (
				07F256FA269C2C4E00604ACA /* Sources */,
				07F256FB269C2C4E00604ACA /* Frameworks */,
				07F256FC269C2C4E00604ACA /* Resources */,
			);
			buildRules = (
			);
			dependencies = (
			);
			name = SimpleBookApp;
			packageProductDependencies = (
				07F257DF269C5F5200604ACA /* Kingfisher */,
			);
			productName = SimpleBookApp;
			productReference = 07F256FE269C2C4F00604ACA /* SimpleBookApp.app */;
			productType = "com.apple.product-type.application";
		};
/* End PBXNativeTarget section */

/* Begin PBXProject section */
		07F256F6269C2C4E00604ACA /* Project object */ = {
			isa = PBXProject;
			attributes = {
				LastSwiftUpdateCheck = 1250;
				LastUpgradeCheck = 1250;
				TargetAttributes = {
					07F256FD269C2C4E00604ACA = {
						CreatedOnToolsVersion = 12.5;
					};
				};
			};
			buildConfigurationList = 07F256F9269C2C4E00604ACA /* Build configuration list for PBXProject "SimpleBookApp" */;
			compatibilityVersion = "Xcode 9.3";
			developmentRegion = en;
			hasScannedForEncodings = 0;
			knownRegions = (
				en,
				Base,
			);
			mainGroup = 07F256F5269C2C4E00604ACA;
			packageReferences = (
				07F257DE269C5F5200604ACA /* XCRemoteSwiftPackageReference "Kingfisher" */,
			);
			productRefGroup = 07F256FF269C2C4F00604ACA /* Products */;
			projectDirPath = "";
			projectRoot = "";
			targets = (
				07F256FD269C2C4E00604ACA /* SimpleBookApp */,
			);
		};
/* End PBXProject section */

/* Begin PBXResourcesBuildPhase section */
		07F256FC269C2C4E00604ACA /* Resources */ = {
			isa = PBXResourcesBuildPhase;
			buildActionMask = 2147483647;
			files = (
				07F257B5269C4AD200604ACA /* AudioBooksItemCell.xib in Resources */,
				07F257CA269C4B4200604ACA /* BestsellingItemCell.xib in Resources */,
				07F257EE269CBD3400604ACA /* FeedPersonCell.xib in Resources */,
				07F257BC269C4AF800604ACA /* FriendReadingItemCell.xib in Resources */,
				07F2577B269C417400604ACA /* FriendReadingCell.xib in Resources */,
				07F257D1269C4B6400604ACA /* StoryItemCell.xib in Resources */,
				07F25799269C495E00604ACA /* AlsoLikeCell.xib in Resources */,
				07F2577F269C417F00604ACA /* AudioBooksCell.xib in Resources */,
				07F25795269C495200604ACA /* NewReleasesCell.xib in Resources */,
				07F257AE269C4AAA00604ACA /* AlsoLikeItemCell.xib in Resources */,
				07F257A0269C498800604ACA /* ComingSoonItemCell.xib in Resources */,
				07F257A7269C49B100604ACA /* NewReleasesItemCell.xib in Resources */,
				07F2573D269C368F00604ACA /* HomeViewController.storyboard in Resources */,
				07F25734269C350D00604ACA /* TabBarController.storyboard in Resources */,
				07F2576B269C413100604ACA /* MainCell.xib in Resources */,
				07F257D9269C4F8000604ACA /* HomeDetailViewController.storyboard in Resources */,
				07F2570E269C2C5200604ACA /* LaunchScreen.storyboard in Resources */,
				07F25741269C36D400604ACA /* FeedViewController.storyboard in Resources */,
				07F2570B269C2C5200604ACA /* Assets.xcassets in Resources */,
				070A42A0269CEFE200EF7820 /* LibraryViewController.storyboard in Resources */,
				07F2574D269C378100604ACA /* ProfileViewController.storyboard in Resources */,
				07F25745269C373000604ACA /* SearchViewController.storyboard in Resources */,
				07F25773269C415600604ACA /* BestsellingCell.xib in Resources */,
				07F25777269C416800604ACA /* SeriesCell.xib in Resources */,
				07F25786269C41B600604ACA /* MainItemCell.xib in Resources */,
				07F257C3269C4B1700604ACA /* SeriesItemCell.xib in Resources */,
				07F2576F269C414000604ACA /* StoryCell.xib in Resources */,
				07F257F3269CBE3700604ACA /* FeedCell.xib in Resources */,
				07F25791269C493F00604ACA /* ComingSoonCell.xib in Resources */,
			);
			runOnlyForDeploymentPostprocessing = 0;
		};
/* End PBXResourcesBuildPhase section */

/* Begin PBXSourcesBuildPhase section */
		07F256FA269C2C4E00604ACA /* Sources */ = {
			isa = PBXSourcesBuildPhase;
			buildActionMask = 2147483647;
			files = (
				07F25772269C415600604ACA /* BestsellingCell.swift in Sources */,
				07F257C2269C4B1700604ACA /* SeriesItemCell.swift in Sources */,
				07F257E9269CBBA700604ACA /* FeedsTableViewDataSource.swift in Sources */,
				07F257A6269C49B100604ACA /* NewReleasesItemCell.swift in Sources */,
				07F25761269C3C3F00604ACA /* HomeViewModel.swift in Sources */,
				07F25743269C372900604ACA /* SearchViewController.swift in Sources */,
				07F257D0269C4B6400604ACA /* StoryItemCell.swift in Sources */,
				07F2576A269C413100604ACA /* MainCell.swift in Sources */,
				07F2577A269C417400604ACA /* FriendReadingCell.swift in Sources */,
				07F2572B269C2DB800604ACA /* UICollectionView+Extension.swift in Sources */,
				07F25798269C495E00604ACA /* AlsoLikeCell.swift in Sources */,
				07F25702269C2C4F00604ACA /* AppDelegate.swift in Sources */,
				07F25704269C2C4F00604ACA /* SceneDelegate.swift in Sources */,
				07F257BB269C4AF800604ACA /* FriendReadingItemCell.swift in Sources */,
				07F2575F269C3ADC00604ACA /* BaseViewController.swift in Sources */,
				07F25790269C493F00604ACA /* ComingSoonCell.swift in Sources */,
				07F25727269C2D9400604ACA /* UITableView+Extension.swift in Sources */,
				07F2572F269C2DE200604ACA /* NetworkManager.swift in Sources */,
				070A429E269CEFDA00EF7820 /* LibraryViewController.swift in Sources */,
				07F25729269C2DA600604ACA /* UITableViewCell+Extension.swift in Sources */,
				07F2576E269C414000604ACA /* StoryCell.swift in Sources */,
				07F257ED269CBD3400604ACA /* FeedPersonCell.swift in Sources */,
				07F257E5269C85A700604ACA /* CellDataSource.swift in Sources */,
				07F25751269C392D00604ACA /* HomeDataSource.swift in Sources */,
				07F257D4269C4D8000604ACA /* BookManager.swift in Sources */,
				07F257D7269C4F7A00604ACA /* HomeDetailViewController.swift in Sources */,
				07F257AD269C4AAA00604ACA /* AlsoLikeItemCell.swift in Sources */,
				07F2574B269C377600604ACA /* ProfileViewController.swift in Sources */,
				07F2573F269C36CD00604ACA /* FeedViewController.swift in Sources */,
				07F257C9269C4B4200604ACA /* BestsellingItemCell.swift in Sources */,
				07F25794269C495200604ACA /* NewReleasesCell.swift in Sources */,
				07F257DD269C5EB000604ACA /* BookModel.swift in Sources */,
				07F25776269C416800604ACA /* SeriesCell.swift in Sources */,
				07F25723269C2D3D00604ACA /* AppCoordinator.swift in Sources */,
				07F25721269C2D1600604ACA /* CoordinatorProtocol.swift in Sources */,
				07F257F7269CC0BB00604ACA /* FeedViewModel.swift in Sources */,
				07F25785269C41B600604ACA /* MainItemCell.swift in Sources */,
				07F257E2269C833B00604ACA /* Color+Extesnion.swift in Sources */,
				07F2571F269C2CFC00604ACA /* CoordinatorDelegate.swift in Sources */,
				07F257B4269C4AD200604ACA /* AudioBooksItemCell.swift in Sources */,
				07F25731269C2F3900604ACA /* TabBarController.swift in Sources */,
				07F2577E269C417F00604ACA /* AudioBooksCell.swift in Sources */,
				07F2572D269C2DCD00604ACA /* UICollectionViewCell+Extension.swift in Sources */,
				07F2573B269C368800604ACA /* HomeViewController.swift in Sources */,
				07F25725269C2D4F00604ACA /* Storyboarded.swift in Sources */,
				07F257E7269C862600604ACA /* CellViewModel.swift in Sources */,
				07F257F2269CBE3700604ACA /* FeedCell.swift in Sources */,
				07F2579F269C498800604ACA /* ComingSoonItemCell.swift in Sources */,
				07F257F5269CBF6900604ACA /* FeedsCollectionViewDataSource.swift in Sources */,
			);
			runOnlyForDeploymentPostprocessing = 0;
		};
/* End PBXSourcesBuildPhase section */

/* Begin PBXVariantGroup section */
		07F2570C269C2C5200604ACA /* LaunchScreen.storyboard */ = {
			isa = PBXVariantGroup;
			children = (
				07F2570D269C2C5200604ACA /* Base */,
			);
			name = LaunchScreen.storyboard;
			sourceTree = "<group>";
		};
/* End PBXVariantGroup section */

/* Begin XCBuildConfiguration section */
		07F25710269C2C5200604ACA /* Debug */ = {
			isa = XCBuildConfiguration;
			buildSettings = {
				ALWAYS_SEARCH_USER_PATHS = NO;
				CLANG_ANALYZER_NONNULL = YES;
				CLANG_ANALYZER_NUMBER_OBJECT_CONVERSION = YES_AGGRESSIVE;
				CLANG_CXX_LANGUAGE_STANDARD = "gnu++14";
				CLANG_CXX_LIBRARY = "libc++";
				CLANG_ENABLE_MODULES = YES;
				CLANG_ENABLE_OBJC_ARC = YES;
				CLANG_ENABLE_OBJC_WEAK = YES;
				CLANG_WARN_BLOCK_CAPTURE_AUTORELEASING = YES;
				CLANG_WARN_BOOL_CONVERSION = YES;
				CLANG_WARN_COMMA = YES;
				CLANG_WARN_CONSTANT_CONVERSION = YES;
				CLANG_WARN_DEPRECATED_OBJC_IMPLEMENTATIONS = YES;
				CLANG_WARN_DIRECT_OBJC_ISA_USAGE = YES_ERROR;
				CLANG_WARN_DOCUMENTATION_COMMENTS = YES;
				CLANG_WARN_EMPTY_BODY = YES;
				CLANG_WARN_ENUM_CONVERSION = YES;
				CLANG_WARN_INFINITE_RECURSION = YES;
				CLANG_WARN_INT_CONVERSION = YES;
				CLANG_WARN_NON_LITERAL_NULL_CONVERSION = YES;
				CLANG_WARN_OBJC_IMPLICIT_RETAIN_SELF = YES;
				CLANG_WARN_OBJC_LITERAL_CONVERSION = YES;
				CLANG_WARN_OBJC_ROOT_CLASS = YES_ERROR;
				CLANG_WARN_QUOTED_INCLUDE_IN_FRAMEWORK_HEADER = YES;
				CLANG_WARN_RANGE_LOOP_ANALYSIS = YES;
				CLANG_WARN_STRICT_PROTOTYPES = YES;
				CLANG_WARN_SUSPICIOUS_MOVE = YES;
				CLANG_WARN_UNGUARDED_AVAILABILITY = YES_AGGRESSIVE;
				CLANG_WARN_UNREACHABLE_CODE = YES;
				CLANG_WARN__DUPLICATE_METHOD_MATCH = YES;
				COPY_PHASE_STRIP = NO;
				DEBUG_INFORMATION_FORMAT = dwarf;
				ENABLE_STRICT_OBJC_MSGSEND = YES;
				ENABLE_TESTABILITY = YES;
				GCC_C_LANGUAGE_STANDARD = gnu11;
				GCC_DYNAMIC_NO_PIC = NO;
				GCC_NO_COMMON_BLOCKS = YES;
				GCC_OPTIMIZATION_LEVEL = 0;
				GCC_PREPROCESSOR_DEFINITIONS = (
					"DEBUG=1",
					"$(inherited)",
				);
				GCC_WARN_64_TO_32_BIT_CONVERSION = YES;
				GCC_WARN_ABOUT_RETURN_TYPE = YES_ERROR;
				GCC_WARN_UNDECLARED_SELECTOR = YES;
				GCC_WARN_UNINITIALIZED_AUTOS = YES_AGGRESSIVE;
				GCC_WARN_UNUSED_FUNCTION = YES;
				GCC_WARN_UNUSED_VARIABLE = YES;
				IPHONEOS_DEPLOYMENT_TARGET = 14.5;
				MTL_ENABLE_DEBUG_INFO = INCLUDE_SOURCE;
				MTL_FAST_MATH = YES;
				ONLY_ACTIVE_ARCH = YES;
				SDKROOT = iphoneos;
				SWIFT_ACTIVE_COMPILATION_CONDITIONS = DEBUG;
				SWIFT_OPTIMIZATION_LEVEL = "-Onone";
			};
			name = Debug;
		};
		07F25711269C2C5200604ACA /* Release */ = {
			isa = XCBuildConfiguration;
			buildSettings = {
				ALWAYS_SEARCH_USER_PATHS = NO;
				CLANG_ANALYZER_NONNULL = YES;
				CLANG_ANALYZER_NUMBER_OBJECT_CONVERSION = YES_AGGRESSIVE;
				CLANG_CXX_LANGUAGE_STANDARD = "gnu++14";
				CLANG_CXX_LIBRARY = "libc++";
				CLANG_ENABLE_MODULES = YES;
				CLANG_ENABLE_OBJC_ARC = YES;
				CLANG_ENABLE_OBJC_WEAK = YES;
				CLANG_WARN_BLOCK_CAPTURE_AUTORELEASING = YES;
				CLANG_WARN_BOOL_CONVERSION = YES;
				CLANG_WARN_COMMA = YES;
				CLANG_WARN_CONSTANT_CONVERSION = YES;
				CLANG_WARN_DEPRECATED_OBJC_IMPLEMENTATIONS = YES;
				CLANG_WARN_DIRECT_OBJC_ISA_USAGE = YES_ERROR;
				CLANG_WARN_DOCUMENTATION_COMMENTS = YES;
				CLANG_WARN_EMPTY_BODY = YES;
				CLANG_WARN_ENUM_CONVERSION = YES;
				CLANG_WARN_INFINITE_RECURSION = YES;
				CLANG_WARN_INT_CONVERSION = YES;
				CLANG_WARN_NON_LITERAL_NULL_CONVERSION = YES;
				CLANG_WARN_OBJC_IMPLICIT_RETAIN_SELF = YES;
				CLANG_WARN_OBJC_LITERAL_CONVERSION = YES;
				CLANG_WARN_OBJC_ROOT_CLASS = YES_ERROR;
				CLANG_WARN_QUOTED_INCLUDE_IN_FRAMEWORK_HEADER = YES;
				CLANG_WARN_RANGE_LOOP_ANALYSIS = YES;
				CLANG_WARN_STRICT_PROTOTYPES = YES;
				CLANG_WARN_SUSPICIOUS_MOVE = YES;
				CLANG_WARN_UNGUARDED_AVAILABILITY = YES_AGGRESSIVE;
				CLANG_WARN_UNREACHABLE_CODE = YES;
				CLANG_WARN__DUPLICATE_METHOD_MATCH = YES;
				COPY_PHASE_STRIP = NO;
				DEBUG_INFORMATION_FORMAT = "dwarf-with-dsym";
				ENABLE_NS_ASSERTIONS = NO;
				ENABLE_STRICT_OBJC_MSGSEND = YES;
				GCC_C_LANGUAGE_STANDARD = gnu11;
				GCC_NO_COMMON_BLOCKS = YES;
				GCC_WARN_64_TO_32_BIT_CONVERSION = YES;
				GCC_WARN_ABOUT_RETURN_TYPE = YES_ERROR;
				GCC_WARN_UNDECLARED_SELECTOR = YES;
				GCC_WARN_UNINITIALIZED_AUTOS = YES_AGGRESSIVE;
				GCC_WARN_UNUSED_FUNCTION = YES;
				GCC_WARN_UNUSED_VARIABLE = YES;
				IPHONEOS_DEPLOYMENT_TARGET = 14.5;
				MTL_ENABLE_DEBUG_INFO = NO;
				MTL_FAST_MATH = YES;
				SDKROOT = iphoneos;
				SWIFT_COMPILATION_MODE = wholemodule;
				SWIFT_OPTIMIZATION_LEVEL = "-O";
				VALIDATE_PRODUCT = YES;
			};
			name = Release;
		};
		07F25713269C2C5200604ACA /* Debug */ = {
			isa = XCBuildConfiguration;
			buildSettings = {
				ASSETCATALOG_COMPILER_APPICON_NAME = AppIcon;
				ASSETCATALOG_COMPILER_GLOBAL_ACCENT_COLOR_NAME = AccentColor;
				CODE_SIGN_STYLE = Automatic;
				DEVELOPMENT_TEAM = H88B7Y47C3;
				INFOPLIST_FILE = SimpleBookApp/Info.plist;
				LD_RUNPATH_SEARCH_PATHS = (
					"$(inherited)",
					"@executable_path/Frameworks",
				);
				PRODUCT_BUNDLE_IDENTIFIER = com.Checklist.SimpleBookApp;
				PRODUCT_NAME = "$(TARGET_NAME)";
				SWIFT_VERSION = 5.0;
				TARGETED_DEVICE_FAMILY = 1;
			};
			name = Debug;
		};
		07F25714269C2C5200604ACA /* Release */ = {
			isa = XCBuildConfiguration;
			buildSettings = {
				ASSETCATALOG_COMPILER_APPICON_NAME = AppIcon;
				ASSETCATALOG_COMPILER_GLOBAL_ACCENT_COLOR_NAME = AccentColor;
				CODE_SIGN_STYLE = Automatic;
				DEVELOPMENT_TEAM = H88B7Y47C3;
				INFOPLIST_FILE = SimpleBookApp/Info.plist;
				LD_RUNPATH_SEARCH_PATHS = (
					"$(inherited)",
					"@executable_path/Frameworks",
				);
				PRODUCT_BUNDLE_IDENTIFIER = com.Checklist.SimpleBookApp;
				PRODUCT_NAME = "$(TARGET_NAME)";
				SWIFT_VERSION = 5.0;
				TARGETED_DEVICE_FAMILY = 1;
			};
			name = Release;
		};
/* End XCBuildConfiguration section */

/* Begin XCConfigurationList section */
		07F256F9269C2C4E00604ACA /* Build configuration list for PBXProject "SimpleBookApp" */ = {
			isa = XCConfigurationList;
			buildConfigurations = (
				07F25710269C2C5200604ACA /* Debug */,
				07F25711269C2C5200604ACA /* Release */,
			);
			defaultConfigurationIsVisible = 0;
			defaultConfigurationName = Release;
		};
		07F25712269C2C5200604ACA /* Build configuration list for PBXNativeTarget "SimpleBookApp" */ = {
			isa = XCConfigurationList;
			buildConfigurations = (
				07F25713269C2C5200604ACA /* Debug */,
				07F25714269C2C5200604ACA /* Release */,
			);
			defaultConfigurationIsVisible = 0;
			defaultConfigurationName = Release;
		};
/* End XCConfigurationList section */

/* Begin XCRemoteSwiftPackageReference section */
		07F257DE269C5F5200604ACA /* XCRemoteSwiftPackageReference "Kingfisher" */ = {
			isa = XCRemoteSwiftPackageReference;
			repositoryURL = "https://github.com/onevcat/Kingfisher.git";
			requirement = {
				kind = upToNextMajorVersion;
				minimumVersion = 6.3.0;
			};
		};
/* End XCRemoteSwiftPackageReference section */

/* Begin XCSwiftPackageProductDependency section */
		07F257DF269C5F5200604ACA /* Kingfisher */ = {
			isa = XCSwiftPackageProductDependency;
			package = 07F257DE269C5F5200604ACA /* XCRemoteSwiftPackageReference "Kingfisher" */;
			productName = Kingfisher;
		};
/* End XCSwiftPackageProductDependency section */
	};
	rootObject = 07F256F6269C2C4E00604ACA /* Project object */;
}
